// !$*UTF8*$!
{
	archiveVersion = 1;
	classes = {
	};
	objectVersion = 46;
	objects = {

/* Begin PBXBuildFile section */
		8918492B1EA7E7F00074C56B /* SingleCardViewController.swift in Sources */ = {isa = PBXBuildFile; fileRef = 8918492A1EA7E7F00074C56B /* SingleCardViewController.swift */; };
		8918492D1EA7EB680074C56B /* FullStatsPageViewController.swift in Sources */ = {isa = PBXBuildFile; fileRef = 8918492C1EA7EB680074C56B /* FullStatsPageViewController.swift */; };
		893E75031E8175A800640065 /* AppDelegate.swift in Sources */ = {isa = PBXBuildFile; fileRef = 893E75021E8175A800640065 /* AppDelegate.swift */; };
		893E75081E8175A800640065 /* Main.storyboard in Resources */ = {isa = PBXBuildFile; fileRef = 893E75061E8175A800640065 /* Main.storyboard */; };
		893E750B1E8175A800640065 /* ScriptMemory.xcdatamodeld in Sources */ = {isa = PBXBuildFile; fileRef = 893E75091E8175A800640065 /* ScriptMemory.xcdatamodeld */; };
		893E750D1E8175A800640065 /* Assets.xcassets in Resources */ = {isa = PBXBuildFile; fileRef = 893E750C1E8175A800640065 /* Assets.xcassets */; };
		893E75101E8175A800640065 /* LaunchScreen.storyboard in Resources */ = {isa = PBXBuildFile; fileRef = 893E750E1E8175A800640065 /* LaunchScreen.storyboard */; };
		893E75281E81774200640065 /* DataManager.swift in Sources */ = {isa = PBXBuildFile; fileRef = 893E75271E81774200640065 /* DataManager.swift */; };
		893E753A1E81CAB600640065 /* ScriptDataSource.swift in Sources */ = {isa = PBXBuildFile; fileRef = 893E75391E81CAB600640065 /* ScriptDataSource.swift */; };
		893E753C1E81CAC600640065 /* CharacterDataSource.swift in Sources */ = {isa = PBXBuildFile; fileRef = 893E753B1E81CAC600640065 /* CharacterDataSource.swift */; };
		893E753E1E81CAD000640065 /* SectionDataSource.swift in Sources */ = {isa = PBXBuildFile; fileRef = 893E753D1E81CAD000640065 /* SectionDataSource.swift */; };
		893E75401E81FA0C00640065 /* ScriptManager.swift in Sources */ = {isa = PBXBuildFile; fileRef = 893E753F1E81FA0C00640065 /* ScriptManager.swift */; };
		893E75421E81FA4400640065 /* CoreDataExtensions.swift in Sources */ = {isa = PBXBuildFile; fileRef = 893E75411E81FA4400640065 /* CoreDataExtensions.swift */; };
		893E75561E820FCF00640065 /* HomeTableViewController.swift in Sources */ = {isa = PBXBuildFile; fileRef = 893E75551E820FCF00640065 /* HomeTableViewController.swift */; };
		893E75621E8305FA00640065 /* DownloadManager.swift in Sources */ = {isa = PBXBuildFile; fileRef = 893E75611E8305FA00640065 /* DownloadManager.swift */; };
		893E75681E830AC000640065 /* DownloadViewController.swift in Sources */ = {isa = PBXBuildFile; fileRef = 893E75671E830AC000640065 /* DownloadViewController.swift */; };
		893E756C1E83166200640065 /* MemoryViewController.swift in Sources */ = {isa = PBXBuildFile; fileRef = 893E756B1E83166200640065 /* MemoryViewController.swift */; };
		895EDD6D1E83860F00380AAF /* RootDataSource.swift in Sources */ = {isa = PBXBuildFile; fileRef = 895EDD6C1E83860F00380AAF /* RootDataSource.swift */; };
		8966BE6F1E8DA10B006AE7F5 /* CompareViewController.swift in Sources */ = {isa = PBXBuildFile; fileRef = 8966BE6E1E8DA10B006AE7F5 /* CompareViewController.swift */; };
		8966BE711E91FEE0006AE7F5 /* SetUpTableViewController.swift in Sources */ = {isa = PBXBuildFile; fileRef = 8966BE701E91FEE0006AE7F5 /* SetUpTableViewController.swift */; };
		8966BE731E92DD37006AE7F5 /* ResultsViewController.swift in Sources */ = {isa = PBXBuildFile; fileRef = 8966BE721E92DD37006AE7F5 /* ResultsViewController.swift */; };
		8966BE751E92DD73006AE7F5 /* ResultsTableViewCell.swift in Sources */ = {isa = PBXBuildFile; fileRef = 8966BE741E92DD73006AE7F5 /* ResultsTableViewCell.swift */; };
/* End PBXBuildFile section */

/* Begin PBXFileReference section */
		8918492A1EA7E7F00074C56B /* SingleCardViewController.swift */ = {isa = PBXFileReference; fileEncoding = 4; lastKnownFileType = sourcecode.swift; path = SingleCardViewController.swift; sourceTree = "<group>"; };
		8918492C1EA7EB680074C56B /* FullStatsPageViewController.swift */ = {isa = PBXFileReference; fileEncoding = 4; lastKnownFileType = sourcecode.swift; path = FullStatsPageViewController.swift; sourceTree = "<group>"; };
		893E74FF1E8175A800640065 /* ScriptMemory.app */ = {isa = PBXFileReference; explicitFileType = wrapper.application; includeInIndex = 0; path = ScriptMemory.app; sourceTree = BUILT_PRODUCTS_DIR; };
		893E75021E8175A800640065 /* AppDelegate.swift */ = {isa = PBXFileReference; lastKnownFileType = sourcecode.swift; path = AppDelegate.swift; sourceTree = "<group>"; };
		893E75071E8175A800640065 /* Base */ = {isa = PBXFileReference; lastKnownFileType = file.storyboard; name = Base; path = Base.lproj/Main.storyboard; sourceTree = "<group>"; };
		893E750A1E8175A800640065 /* ScriptMemory.xcdatamodel */ = {isa = PBXFileReference; lastKnownFileType = wrapper.xcdatamodel; path = ScriptMemory.xcdatamodel; sourceTree = "<group>"; };
		893E750C1E8175A800640065 /* Assets.xcassets */ = {isa = PBXFileReference; lastKnownFileType = folder.assetcatalog; path = Assets.xcassets; sourceTree = "<group>"; };
		893E750F1E8175A800640065 /* Base */ = {isa = PBXFileReference; lastKnownFileType = file.storyboard; name = Base; path = Base.lproj/LaunchScreen.storyboard; sourceTree = "<group>"; };
		893E75111E8175A800640065 /* Info.plist */ = {isa = PBXFileReference; lastKnownFileType = text.plist.xml; path = Info.plist; sourceTree = "<group>"; };
		893E75271E81774200640065 /* DataManager.swift */ = {isa = PBXFileReference; fileEncoding = 4; lastKnownFileType = sourcecode.swift; name = DataManager.swift; path = ScriptMemory/DataManager.swift; sourceTree = "<group>"; };
		893E75391E81CAB600640065 /* ScriptDataSource.swift */ = {isa = PBXFileReference; fileEncoding = 4; lastKnownFileType = sourcecode.swift; path = ScriptDataSource.swift; sourceTree = "<group>"; };
		893E753B1E81CAC600640065 /* CharacterDataSource.swift */ = {isa = PBXFileReference; fileEncoding = 4; lastKnownFileType = sourcecode.swift; path = CharacterDataSource.swift; sourceTree = "<group>"; };
		893E753D1E81CAD000640065 /* SectionDataSource.swift */ = {isa = PBXFileReference; fileEncoding = 4; lastKnownFileType = sourcecode.swift; path = SectionDataSource.swift; sourceTree = "<group>"; };
		893E753F1E81FA0C00640065 /* ScriptManager.swift */ = {isa = PBXFileReference; fileEncoding = 4; lastKnownFileType = sourcecode.swift; path = ScriptManager.swift; sourceTree = "<group>"; };
		893E75411E81FA4400640065 /* CoreDataExtensions.swift */ = {isa = PBXFileReference; fileEncoding = 4; lastKnownFileType = sourcecode.swift; path = CoreDataExtensions.swift; sourceTree = "<group>"; };
		893E75431E81FAB100640065 /* CharacterObject+CoreDataClass.swift */ = {isa = PBXFileReference; fileEncoding = 4; lastKnownFileType = sourcecode.swift; path = "CharacterObject+CoreDataClass.swift"; sourceTree = "<group>"; };
		893E75441E81FAB100640065 /* CharacterObject+CoreDataProperties.swift */ = {isa = PBXFileReference; fileEncoding = 4; lastKnownFileType = sourcecode.swift; path = "CharacterObject+CoreDataProperties.swift"; sourceTree = "<group>"; };
		893E75451E81FAB100640065 /* SectionObject+CoreDataClass.swift */ = {isa = PBXFileReference; fileEncoding = 4; lastKnownFileType = sourcecode.swift; path = "SectionObject+CoreDataClass.swift"; sourceTree = "<group>"; };
		893E75461E81FAB100640065 /* SectionObject+CoreDataProperties.swift */ = {isa = PBXFileReference; fileEncoding = 4; lastKnownFileType = sourcecode.swift; path = "SectionObject+CoreDataProperties.swift"; sourceTree = "<group>"; };
		893E75491E81FAB100640065 /* ScriptObject+CoreDataClass.swift */ = {isa = PBXFileReference; fileEncoding = 4; lastKnownFileType = sourcecode.swift; path = "ScriptObject+CoreDataClass.swift"; sourceTree = "<group>"; };
		893E754A1E81FAB100640065 /* ScriptObject+CoreDataProperties.swift */ = {isa = PBXFileReference; fileEncoding = 4; lastKnownFileType = sourcecode.swift; path = "ScriptObject+CoreDataProperties.swift"; sourceTree = "<group>"; };
		893E75551E820FCF00640065 /* HomeTableViewController.swift */ = {isa = PBXFileReference; fileEncoding = 4; lastKnownFileType = sourcecode.swift; path = HomeTableViewController.swift; sourceTree = "<group>"; };
		893E75611E8305FA00640065 /* DownloadManager.swift */ = {isa = PBXFileReference; fileEncoding = 4; lastKnownFileType = sourcecode.swift; path = DownloadManager.swift; sourceTree = "<group>"; };
		893E75631E8308DC00640065 /* CardObject+CoreDataClass.swift */ = {isa = PBXFileReference; fileEncoding = 4; lastKnownFileType = sourcecode.swift; path = "CardObject+CoreDataClass.swift"; sourceTree = "<group>"; };
		893E75641E8308DC00640065 /* CardObject+CoreDataProperties.swift */ = {isa = PBXFileReference; fileEncoding = 4; lastKnownFileType = sourcecode.swift; path = "CardObject+CoreDataProperties.swift"; sourceTree = "<group>"; };
		893E75671E830AC000640065 /* DownloadViewController.swift */ = {isa = PBXFileReference; fileEncoding = 4; lastKnownFileType = sourcecode.swift; path = DownloadViewController.swift; sourceTree = "<group>"; };
		893E756B1E83166200640065 /* MemoryViewController.swift */ = {isa = PBXFileReference; fileEncoding = 4; lastKnownFileType = sourcecode.swift; path = MemoryViewController.swift; sourceTree = "<group>"; };
		895EDD6C1E83860F00380AAF /* RootDataSource.swift */ = {isa = PBXFileReference; fileEncoding = 4; lastKnownFileType = sourcecode.swift; path = RootDataSource.swift; sourceTree = "<group>"; };
		8966BE6E1E8DA10B006AE7F5 /* CompareViewController.swift */ = {isa = PBXFileReference; fileEncoding = 4; lastKnownFileType = sourcecode.swift; path = CompareViewController.swift; sourceTree = "<group>"; };
		8966BE701E91FEE0006AE7F5 /* SetUpTableViewController.swift */ = {isa = PBXFileReference; fileEncoding = 4; lastKnownFileType = sourcecode.swift; path = SetUpTableViewController.swift; sourceTree = "<group>"; };
		8966BE721E92DD37006AE7F5 /* ResultsViewController.swift */ = {isa = PBXFileReference; fileEncoding = 4; lastKnownFileType = sourcecode.swift; path = ResultsViewController.swift; sourceTree = "<group>"; };
		8966BE741E92DD73006AE7F5 /* ResultsTableViewCell.swift */ = {isa = PBXFileReference; fileEncoding = 4; lastKnownFileType = sourcecode.swift; path = ResultsTableViewCell.swift; sourceTree = "<group>"; };
/* End PBXFileReference section */

/* Begin PBXFrameworksBuildPhase section */
		893E74FC1E8175A800640065 /* Frameworks */ = {
			isa = PBXFrameworksBuildPhase;
			buildActionMask = 2147483647;
			files = (
			);
			runOnlyForDeploymentPostprocessing = 0;
		};
/* End PBXFrameworksBuildPhase section */

/* Begin PBXGroup section */
		893E74F61E8175A800640065 = {
			isa = PBXGroup;
			children = (
				893E75631E8308DC00640065 /* CardObject+CoreDataClass.swift */,
				893E75641E8308DC00640065 /* CardObject+CoreDataProperties.swift */,
				893E75431E81FAB100640065 /* CharacterObject+CoreDataClass.swift */,
				893E75441E81FAB100640065 /* CharacterObject+CoreDataProperties.swift */,
				893E75451E81FAB100640065 /* SectionObject+CoreDataClass.swift */,
				893E75461E81FAB100640065 /* SectionObject+CoreDataProperties.swift */,
				893E75491E81FAB100640065 /* ScriptObject+CoreDataClass.swift */,
				893E754A1E81FAB100640065 /* ScriptObject+CoreDataProperties.swift */,
				893E75411E81FA4400640065 /* CoreDataExtensions.swift */,
				893E75271E81774200640065 /* DataManager.swift */,
				893E75011E8175A800640065 /* ScriptMemory */,
				893E75001E8175A800640065 /* Products */,
			);
			sourceTree = "<group>";
		};
		893E75001E8175A800640065 /* Products */ = {
			isa = PBXGroup;
			children = (
				893E74FF1E8175A800640065 /* ScriptMemory.app */,
			);
			name = Products;
			sourceTree = "<group>";
		};
		893E75011E8175A800640065 /* ScriptMemory */ = {
			isa = PBXGroup;
			children = (
				893E753F1E81FA0C00640065 /* ScriptManager.swift */,
				893E75021E8175A800640065 /* AppDelegate.swift */,
				893E75551E820FCF00640065 /* HomeTableViewController.swift */,
				8918492C1EA7EB680074C56B /* FullStatsPageViewController.swift */,
				8918492A1EA7E7F00074C56B /* SingleCardViewController.swift */,
				893E75611E8305FA00640065 /* DownloadManager.swift */,
				893E75671E830AC000640065 /* DownloadViewController.swift */,
				8966BE721E92DD37006AE7F5 /* ResultsViewController.swift */,
				8966BE741E92DD73006AE7F5 /* ResultsTableViewCell.swift */,
				893E756B1E83166200640065 /* MemoryViewController.swift */,
				8966BE6E1E8DA10B006AE7F5 /* CompareViewController.swift */,
				8966BE701E91FEE0006AE7F5 /* SetUpTableViewController.swift */,
				895EDD6C1E83860F00380AAF /* RootDataSource.swift */,
				893E75391E81CAB600640065 /* ScriptDataSource.swift */,
				893E753B1E81CAC600640065 /* CharacterDataSource.swift */,
				893E753D1E81CAD000640065 /* SectionDataSource.swift */,
				893E75061E8175A800640065 /* Main.storyboard */,
				893E750C1E8175A800640065 /* Assets.xcassets */,
				893E750E1E8175A800640065 /* LaunchScreen.storyboard */,
				893E75111E8175A800640065 /* Info.plist */,
				893E75091E8175A800640065 /* ScriptMemory.xcdatamodeld */,
			);
			path = ScriptMemory;
			sourceTree = "<group>";
		};
/* End PBXGroup section */

/* Begin PBXNativeTarget section */
		893E74FE1E8175A800640065 /* ScriptMemory */ = {
			isa = PBXNativeTarget;
			buildConfigurationList = 893E75141E8175A800640065 /* Build configuration list for PBXNativeTarget "ScriptMemory" */;
			buildPhases = (
				893E74FB1E8175A800640065 /* Sources */,
				893E74FC1E8175A800640065 /* Frameworks */,
				893E74FD1E8175A800640065 /* Resources */,
			);
			buildRules = (
			);
			dependencies = (
			);
			name = ScriptMemory;
			productName = ScriptMemory;
			productReference = 893E74FF1E8175A800640065 /* ScriptMemory.app */;
			productType = "com.apple.product-type.application";
		};
/* End PBXNativeTarget section */

/* Begin PBXProject section */
		893E74F71E8175A800640065 /* Project object */ = {
			isa = PBXProject;
			attributes = {
				LastSwiftUpdateCheck = 0820;
				LastUpgradeCheck = 0820;
				ORGANIZATIONNAME = "Minhung Ling";
				TargetAttributes = {
					893E74FE1E8175A800640065 = {
						CreatedOnToolsVersion = 8.2.1;
						DevelopmentTeam = 728VJ25T5V;
						ProvisioningStyle = Automatic;
					};
				};
			};
			buildConfigurationList = 893E74FA1E8175A800640065 /* Build configuration list for PBXProject "ScriptMemory" */;
			compatibilityVersion = "Xcode 3.2";
			developmentRegion = English;
			hasScannedForEncodings = 0;
			knownRegions = (
				en,
				Base,
			);
			mainGroup = 893E74F61E8175A800640065;
			productRefGroup = 893E75001E8175A800640065 /* Products */;
			projectDirPath = "";
			projectRoot = "";
			targets = (
				893E74FE1E8175A800640065 /* ScriptMemory */,
			);
		};
/* End PBXProject section */

/* Begin PBXResourcesBuildPhase section */
		893E74FD1E8175A800640065 /* Resources */ = {
			isa = PBXResourcesBuildPhase;
			buildActionMask = 2147483647;
			files = (
				893E75101E8175A800640065 /* LaunchScreen.storyboard in Resources */,
				893E750D1E8175A800640065 /* Assets.xcassets in Resources */,
				893E75081E8175A800640065 /* Main.storyboard in Resources */,
			);
			runOnlyForDeploymentPostprocessing = 0;
		};
/* End PBXResourcesBuildPhase section */

/* Begin PBXSourcesBuildPhase section */
		893E74FB1E8175A800640065 /* Sources */ = {
			isa = PBXSourcesBuildPhase;
			buildActionMask = 2147483647;
			files = (
				893E75281E81774200640065 /* DataManager.swift in Sources */,
				893E75621E8305FA00640065 /* DownloadManager.swift in Sources */,
				8966BE6F1E8DA10B006AE7F5 /* CompareViewController.swift in Sources */,
				893E750B1E8175A800640065 /* ScriptMemory.xcdatamodeld in Sources */,
				893E75421E81FA4400640065 /* CoreDataExtensions.swift in Sources */,
				893E756C1E83166200640065 /* MemoryViewController.swift in Sources */,
				8918492B1EA7E7F00074C56B /* SingleCardViewController.swift in Sources */,
				893E753C1E81CAC600640065 /* CharacterDataSource.swift in Sources */,
				8966BE731E92DD37006AE7F5 /* ResultsViewController.swift in Sources */,
				8966BE751E92DD73006AE7F5 /* ResultsTableViewCell.swift in Sources */,
				8966BE711E91FEE0006AE7F5 /* SetUpTableViewController.swift in Sources */,
				895EDD6D1E83860F00380AAF /* RootDataSource.swift in Sources */,
				893E75561E820FCF00640065 /* HomeTableViewController.swift in Sources */,
				893E753E1E81CAD000640065 /* SectionDataSource.swift in Sources */,
				893E75681E830AC000640065 /* DownloadViewController.swift in Sources */,
				893E753A1E81CAB600640065 /* ScriptDataSource.swift in Sources */,
				8918492D1EA7EB680074C56B /* FullStatsPageViewController.swift in Sources */,
				893E75401E81FA0C00640065 /* ScriptManager.swift in Sources */,
				893E75031E8175A800640065 /* AppDelegate.swift in Sources */,
			);
			runOnlyForDeploymentPostprocessing = 0;
		};
/* End PBXSourcesBuildPhase section */

/* Begin PBXVariantGroup section */
		893E75061E8175A800640065 /* Main.storyboard */ = {
			isa = PBXVariantGroup;
			children = (
				893E75071E8175A800640065 /* Base */,
			);
			name = Main.storyboard;
			sourceTree = "<group>";
		};
		893E750E1E8175A800640065 /* LaunchScreen.storyboard */ = {
			isa = PBXVariantGroup;
			children = (
				893E750F1E8175A800640065 /* Base */,
			);
			name = LaunchScreen.storyboard;
			sourceTree = "<group>";
		};
/* End PBXVariantGroup section */

/* Begin XCBuildConfiguration section */
		893E75121E8175A800640065 /* Debug */ = {
			isa = XCBuildConfiguration;
			buildSettings = {
				ALWAYS_SEARCH_USER_PATHS = NO;
				CLANG_ANALYZER_NONNULL = YES;
				CLANG_CXX_LANGUAGE_STANDARD = "gnu++0x";
				CLANG_CXX_LIBRARY = "libc++";
				CLANG_ENABLE_MODULES = YES;
				CLANG_ENABLE_OBJC_ARC = YES;
				CLANG_WARN_BOOL_CONVERSION = YES;
				CLANG_WARN_CONSTANT_CONVERSION = YES;
				CLANG_WARN_DIRECT_OBJC_ISA_USAGE = YES_ERROR;
				CLANG_WARN_DOCUMENTATION_COMMENTS = YES;
				CLANG_WARN_EMPTY_BODY = YES;
				CLANG_WARN_ENUM_CONVERSION = YES;
				CLANG_WARN_INFINITE_RECURSION = YES;
				CLANG_WARN_INT_CONVERSION = YES;
				CLANG_WARN_OBJC_ROOT_CLASS = YES_ERROR;
				CLANG_WARN_SUSPICIOUS_MOVE = YES;
				CLANG_WARN_UNREACHABLE_CODE = YES;
				CLANG_WARN__DUPLICATE_METHOD_MATCH = YES;
				"CODE_SIGN_IDENTITY[sdk=iphoneos*]" = "iPhone Developer";
				COPY_PHASE_STRIP = NO;
				DEBUG_INFORMATION_FORMAT = dwarf;
				ENABLE_STRICT_OBJC_MSGSEND = YES;
				ENABLE_TESTABILITY = YES;
				GCC_C_LANGUAGE_STANDARD = gnu99;
				GCC_DYNAMIC_NO_PIC = NO;
				GCC_NO_COMMON_BLOCKS = YES;
				GCC_OPTIMIZATION_LEVEL = 0;
				GCC_PREPROCESSOR_DEFINITIONS = (
					"DEBUG=1",
					"$(inherited)",
				);
				GCC_WARN_64_TO_32_BIT_CONVERSION = YES;
				GCC_WARN_ABOUT_RETURN_TYPE = YES_ERROR;
				GCC_WARN_UNDECLARED_SELECTOR = YES;
				GCC_WARN_UNINITIALIZED_AUTOS = YES_AGGRESSIVE;
				GCC_WARN_UNUSED_FUNCTION = YES;
				GCC_WARN_UNUSED_VARIABLE = YES;
				IPHONEOS_DEPLOYMENT_TARGET = 10.2;
				MTL_ENABLE_DEBUG_INFO = YES;
				ONLY_ACTIVE_ARCH = YES;
				SDKROOT = iphoneos;
				SWIFT_ACTIVE_COMPILATION_CONDITIONS = DEBUG;
				SWIFT_OPTIMIZATION_LEVEL = "-Onone";
				TARGETED_DEVICE_FAMILY = "1,2";
			};
			name = Debug;
		};
		893E75131E8175A800640065 /* Release */ = {
			isa = XCBuildConfiguration;
			buildSettings = {
				ALWAYS_SEARCH_USER_PATHS = NO;
				CLANG_ANALYZER_NONNULL = YES;
				CLANG_CXX_LANGUAGE_STANDARD = "gnu++0x";
				CLANG_CXX_LIBRARY = "libc++";
				CLANG_ENABLE_MODULES = YES;
				CLANG_ENABLE_OBJC_ARC = YES;
				CLANG_WARN_BOOL_CONVERSION = YES;
				CLANG_WARN_CONSTANT_CONVERSION = YES;
				CLANG_WARN_DIRECT_OBJC_ISA_USAGE = YES_ERROR;
				CLANG_WARN_DOCUMENTATION_COMMENTS = YES;
				CLANG_WARN_EMPTY_BODY = YES;
				CLANG_WARN_ENUM_CONVERSION = YES;
				CLANG_WARN_INFINITE_RECURSION = YES;
				CLANG_WARN_INT_CONVERSION = YES;
				CLANG_WARN_OBJC_ROOT_CLASS = YES_ERROR;
				CLANG_WARN_SUSPICIOUS_MOVE = YES;
				CLANG_WARN_UNREACHABLE_CODE = YES;
				CLANG_WARN__DUPLICATE_METHOD_MATCH = YES;
				"CODE_SIGN_IDENTITY[sdk=iphoneos*]" = "iPhone Developer";
				COPY_PHASE_STRIP = NO;
				DEBUG_INFORMATION_FORMAT = "dwarf-with-dsym";
				ENABLE_NS_ASSERTIONS = NO;
				ENABLE_STRICT_OBJC_MSGSEND = YES;
				GCC_C_LANGUAGE_STANDARD = gnu99;
				GCC_NO_COMMON_BLOCKS = YES;
				GCC_WARN_64_TO_32_BIT_CONVERSION = YES;
				GCC_WARN_ABOUT_RETURN_TYPE = YES_ERROR;
				GCC_WARN_UNDECLARED_SELECTOR = YES;
				GCC_WARN_UNINITIALIZED_AUTOS = YES_AGGRESSIVE;
				GCC_WARN_UNUSED_FUNCTION = YES;
				GCC_WARN_UNUSED_VARIABLE = YES;
				IPHONEOS_DEPLOYMENT_TARGET = 10.2;
				MTL_ENABLE_DEBUG_INFO = NO;
				SDKROOT = iphoneos;
				SWIFT_OPTIMIZATION_LEVEL = "-Owholemodule";
				TARGETED_DEVICE_FAMILY = "1,2";
				VALIDATE_PRODUCT = YES;
			};
			name = Release;
		};
		893E75151E8175A800640065 /* Debug */ = {
			isa = XCBuildConfiguration;
			buildSettings = {
				ASSETCATALOG_COMPILER_APPICON_NAME = AppIcon;
				DEVELOPMENT_TEAM = 728VJ25T5V;
				INFOPLIST_FILE = ScriptMemory/Info.plist;
				LD_RUNPATH_SEARCH_PATHS = "$(inherited) @executable_path/Frameworks";
				PRODUCT_BUNDLE_IDENTIFIER = mling.ScriptMemory;
				PRODUCT_NAME = "$(TARGET_NAME)";
				SWIFT_VERSION = 3.0;
			};
			name = Debug;
		};
		893E75161E8175A800640065 /* Release */ = {
			isa = XCBuildConfiguration;
			buildSettings = {
				ASSETCATALOG_COMPILER_APPICON_NAME = AppIcon;
				DEVELOPMENT_TEAM = 728VJ25T5V;
				INFOPLIST_FILE = ScriptMemory/Info.plist;
				LD_RUNPATH_SEARCH_PATHS = "$(inherited) @executable_path/Frameworks";
				PRODUCT_BUNDLE_IDENTIFIER = mling.ScriptMemory;
				PRODUCT_NAME = "$(TARGET_NAME)";
				SWIFT_VERSION = 3.0;
			};
			name = Release;
		};
/* End XCBuildConfiguration section */

/* Begin XCConfigurationList section */
		893E74FA1E8175A800640065 /* Build configuration list for PBXProject "ScriptMemory" */ = {
			isa = XCConfigurationList;
			buildConfigurations = (
				893E75121E8175A800640065 /* Debug */,
				893E75131E8175A800640065 /* Release */,
			);
			defaultConfigurationIsVisible = 0;
			defaultConfigurationName = Release;
		};
		893E75141E8175A800640065 /* Build configuration list for PBXNativeTarget "ScriptMemory" */ = {
			isa = XCConfigurationList;
			buildConfigurations = (
				893E75151E8175A800640065 /* Debug */,
				893E75161E8175A800640065 /* Release */,
			);
			defaultConfigurationIsVisible = 0;
			defaultConfigurationName = Release;
		};
/* End XCConfigurationList section */

/* Begin XCVersionGroup section */
		893E75091E8175A800640065 /* ScriptMemory.xcdatamodeld */ = {
			isa = XCVersionGroup;
			children = (
				893E750A1E8175A800640065 /* ScriptMemory.xcdatamodel */,
			);
			currentVersion = 893E750A1E8175A800640065 /* ScriptMemory.xcdatamodel */;
			path = ScriptMemory.xcdatamodeld;
			sourceTree = "<group>";
			versionGroupType = wrapper.xcdatamodel;
		};
/* End XCVersionGroup section */
	};
	rootObject = 893E74F71E8175A800640065 /* Project object */;
}
